
Microsoft Visual Studio Solution File, Format Version 12.00
# Visual Studio Version 17
VisualStudioVersion = 17.0.31903.59
MinimumVisualStudioVersion = 10.0.40219.1
Project("{FAE04EC0-301F-11D3-BF4B-00C04F79EFBC}") = "Core", "Core\Core.csproj", "{F7F27596-21C8-4ADF-A4B3-AB0E0EEED434}"
EndProject
Project("{FAE04EC0-301F-11D3-BF4B-00C04F79EFBC}") = "Infrastructure", "Infrastructure\Infrastructure.csproj", "{1612FF23-A2F6-4465-A979-E68D523F9748}"
EndProject
Project("{FAE04EC0-301F-11D3-BF4B-00C04F79EFBC}") = "WebApi", "WebApi\WebApi.csproj", "{C2031BF0-9CE0-4952-A79B-E4DBD47A82C6}"
EndProject
Global
	GlobalSection(SolutionConfigurationPlatforms) = preSolution
		Debug|Any CPU = Debug|Any CPU
		Release|Any CPU = Release|Any CPU
	EndGlobalSection
	GlobalSection(SolutionProperties) = preSolution
		HideSolutionNode = FALSE
	EndGlobalSection
	GlobalSection(ProjectConfigurationPlatforms) = postSolution
		{F7F27596-21C8-4ADF-A4B3-AB0E0EEED434}.Debug|Any CPU.ActiveCfg = Debug|Any CPU
		{F7F27596-21C8-4ADF-A4B3-AB0E0EEED434}.Debug|Any CPU.Build.0 = Debug|Any CPU
		{F7F27596-21C8-4ADF-A4B3-AB0E0EEED434}.Release|Any CPU.ActiveCfg = Release|Any CPU
		{F7F27596-21C8-4ADF-A4B3-AB0E0EEED434}.Release|Any CPU.Build.0 = Release|Any CPU
		{1612FF23-A2F6-4465-A979-E68D523F9748}.Debug|Any CPU.ActiveCfg = Debug|Any CPU
		{1612FF23-A2F6-4465-A979-E68D523F9748}.Debug|Any CPU.Build.0 = Debug|Any CPU
		{1612FF23-A2F6-4465-A979-E68D523F9748}.Release|Any CPU.ActiveCfg = Release|Any CPU
		{1612FF23-A2F6-4465-A979-E68D523F9748}.Release|Any CPU.Build.0 = Release|Any CPU
		{C2031BF0-9CE0-4952-A79B-E4DBD47A82C6}.Debug|Any CPU.ActiveCfg = Debug|Any CPU
		{C2031BF0-9CE0-4952-A79B-E4DBD47A82C6}.Debug|Any CPU.Build.0 = Debug|Any CPU
		{C2031BF0-9CE0-4952-A79B-E4DBD47A82C6}.Release|Any CPU.ActiveCfg = Release|Any CPU
		{C2031BF0-9CE0-4952-A79B-E4DBD47A82C6}.Release|Any CPU.Build.0 = Release|Any CPU
	EndGlobalSection
EndGlobal
